
Microsoft Visual Studio Solution File, Format Version 12.00
# Visual Studio Version 17
VisualStudioVersion = 17.5.002.0
MinimumVisualStudioVersion = 10.0.40219.1
Project("{9A19103F-16F7-4668-BE54-9A1E7A4F7556}") = "ClasseObjeto", "ClasseObjeto\ClasseObjeto.csproj", "{7B540B47-63DB-4F0F-9652-6DB8AD078B0E}"
EndProject
Global
	GlobalSection(SolutionConfigurationPlatforms) = preSolution
		Debug|Any CPU = Debug|Any CPU
		Release|Any CPU = Release|Any CPU
	EndGlobalSection
	GlobalSection(ProjectConfigurationPlatforms) = postSolution
		{7B540B47-63DB-4F0F-9652-6DB8AD078B0E}.Debug|Any CPU.ActiveCfg = Debug|Any CPU
		{7B540B47-63DB-4F0F-9652-6DB8AD078B0E}.Debug|Any CPU.Build.0 = Debug|Any CPU
		{7B540B47-63DB-4F0F-9652-6DB8AD078B0E}.Release|Any CPU.ActiveCfg = Release|Any CPU
		{7B540B47-63DB-4F0F-9652-6DB8AD078B0E}.Release|Any CPU.Build.0 = Release|Any CPU
	EndGlobalSection
	GlobalSection(SolutionProperties) = preSolution
		HideSolutionNode = FALSE
	EndGlobalSection
	GlobalSection(ExtensibilityGlobals) = postSolution
		SolutionGuid = {485D8C20-E63E-4C56-9FD2-04F7632880B8}
	EndGlobalSection
EndGlobal
